
Microsoft Visual Studio Solution File, Format Version 12.00
# Visual Studio 15
VisualStudioVersion = 15.0.26124.0
MinimumVisualStudioVersion = 15.0.26124.0
Project("{2150E333-8FDC-42A3-9474-1A3956D46DE8}") = "2020", "2020", "{1BDD6D5D-0AC5-468C-8377-16694CF1261B}"
EndProject
Project("{FAE04EC0-301F-11D3-BF4B-00C04F79EFBC}") = "Day1", "2020\Day1\Day1.csproj", "{A4426F69-F629-4C95-A013-E0220CBEF1F8}"
EndProject
Project("{FAE04EC0-301F-11D3-BF4B-00C04F79EFBC}") = "Day2", "2020\Day2\Day2.csproj", "{EF221EC0-6941-4288-9E07-E9B6B3F7E861}"
EndProject
Project("{FAE04EC0-301F-11D3-BF4B-00C04F79EFBC}") = "Day3", "2020\Day3\Day3.csproj", "{E9343B85-058C-4988-852D-FA6084487EC0}"
EndProject
Project("{FAE04EC0-301F-11D3-BF4B-00C04F79EFBC}") = "Day4", "2020\Day4\Day4.csproj", "{4A89F441-6847-4D92-A23D-3B25E18654AA}"
EndProject
Project("{FAE04EC0-301F-11D3-BF4B-00C04F79EFBC}") = "Day5", "2020\Day5\Day5.csproj", "{C33C9EC8-A745-4E21-833F-EB288631E0CF}"
EndProject
Project("{FAE04EC0-301F-11D3-BF4B-00C04F79EFBC}") = "Day6", "2020\Day6\Day6.csproj", "{3161D2FA-E5F4-46E5-836D-ACEFB217756F}"
EndProject
Project("{FAE04EC0-301F-11D3-BF4B-00C04F79EFBC}") = "Day7", "2020\Day7\Day7.csproj", "{07437157-F927-4C5E-926F-7315BA47ED3A}"
EndProject
Project("{FAE04EC0-301F-11D3-BF4B-00C04F79EFBC}") = "Day8", "2020\Day8\Day8.csproj", "{3AE44E36-A0C7-43F6-9BFA-F2D23F442AC2}"
EndProject
Project("{FAE04EC0-301F-11D3-BF4B-00C04F79EFBC}") = "Day9", "2020\Day9\Day9.csproj", "{82BCD6CC-AA84-442A-89D8-CE6400D4A0D2}"
EndProject
Project("{FAE04EC0-301F-11D3-BF4B-00C04F79EFBC}") = "Day10", "2020\Day10\Day10.csproj", "{EBDE0E04-1094-4FF0-9032-92D8622D11EA}"
EndProject
Project("{FAE04EC0-301F-11D3-BF4B-00C04F79EFBC}") = "Day11", "2020\Day11\Day11.csproj", "{59165A45-27E7-43B2-9068-797F6EBF3C47}"
EndProject
Project("{FAE04EC0-301F-11D3-BF4B-00C04F79EFBC}") = "Day12", "2020\Day12\Day12.csproj", "{7EBA7214-D0C3-4CE3-9B15-F3C74E5D6ACF}"
EndProject
Global
	GlobalSection(SolutionConfigurationPlatforms) = preSolution
		Debug|Any CPU = Debug|Any CPU
		Debug|x64 = Debug|x64
		Debug|x86 = Debug|x86
		Release|Any CPU = Release|Any CPU
		Release|x64 = Release|x64
		Release|x86 = Release|x86
	EndGlobalSection
	GlobalSection(SolutionProperties) = preSolution
		HideSolutionNode = FALSE
	EndGlobalSection
	GlobalSection(ProjectConfigurationPlatforms) = postSolution
		{A4426F69-F629-4C95-A013-E0220CBEF1F8}.Debug|Any CPU.ActiveCfg = Debug|Any CPU
		{A4426F69-F629-4C95-A013-E0220CBEF1F8}.Debug|Any CPU.Build.0 = Debug|Any CPU
		{A4426F69-F629-4C95-A013-E0220CBEF1F8}.Debug|x64.ActiveCfg = Debug|Any CPU
		{A4426F69-F629-4C95-A013-E0220CBEF1F8}.Debug|x64.Build.0 = Debug|Any CPU
		{A4426F69-F629-4C95-A013-E0220CBEF1F8}.Debug|x86.ActiveCfg = Debug|Any CPU
		{A4426F69-F629-4C95-A013-E0220CBEF1F8}.Debug|x86.Build.0 = Debug|Any CPU
		{A4426F69-F629-4C95-A013-E0220CBEF1F8}.Release|Any CPU.ActiveCfg = Release|Any CPU
		{A4426F69-F629-4C95-A013-E0220CBEF1F8}.Release|Any CPU.Build.0 = Release|Any CPU
		{A4426F69-F629-4C95-A013-E0220CBEF1F8}.Release|x64.ActiveCfg = Release|Any CPU
		{A4426F69-F629-4C95-A013-E0220CBEF1F8}.Release|x64.Build.0 = Release|Any CPU
		{A4426F69-F629-4C95-A013-E0220CBEF1F8}.Release|x86.ActiveCfg = Release|Any CPU
		{A4426F69-F629-4C95-A013-E0220CBEF1F8}.Release|x86.Build.0 = Release|Any CPU
		{EF221EC0-6941-4288-9E07-E9B6B3F7E861}.Debug|Any CPU.ActiveCfg = Debug|Any CPU
		{EF221EC0-6941-4288-9E07-E9B6B3F7E861}.Debug|Any CPU.Build.0 = Debug|Any CPU
		{EF221EC0-6941-4288-9E07-E9B6B3F7E861}.Debug|x64.ActiveCfg = Debug|Any CPU
		{EF221EC0-6941-4288-9E07-E9B6B3F7E861}.Debug|x64.Build.0 = Debug|Any CPU
		{EF221EC0-6941-4288-9E07-E9B6B3F7E861}.Debug|x86.ActiveCfg = Debug|Any CPU
		{EF221EC0-6941-4288-9E07-E9B6B3F7E861}.Debug|x86.Build.0 = Debug|Any CPU
		{EF221EC0-6941-4288-9E07-E9B6B3F7E861}.Release|Any CPU.ActiveCfg = Release|Any CPU
		{EF221EC0-6941-4288-9E07-E9B6B3F7E861}.Release|Any CPU.Build.0 = Release|Any CPU
		{EF221EC0-6941-4288-9E07-E9B6B3F7E861}.Release|x64.ActiveCfg = Release|Any CPU
		{EF221EC0-6941-4288-9E07-E9B6B3F7E861}.Release|x64.Build.0 = Release|Any CPU
		{EF221EC0-6941-4288-9E07-E9B6B3F7E861}.Release|x86.ActiveCfg = Release|Any CPU
		{EF221EC0-6941-4288-9E07-E9B6B3F7E861}.Release|x86.Build.0 = Release|Any CPU
		{E9343B85-058C-4988-852D-FA6084487EC0}.Debug|Any CPU.ActiveCfg = Debug|Any CPU
		{E9343B85-058C-4988-852D-FA6084487EC0}.Debug|Any CPU.Build.0 = Debug|Any CPU
		{E9343B85-058C-4988-852D-FA6084487EC0}.Debug|x64.ActiveCfg = Debug|Any CPU
		{E9343B85-058C-4988-852D-FA6084487EC0}.Debug|x64.Build.0 = Debug|Any CPU
		{E9343B85-058C-4988-852D-FA6084487EC0}.Debug|x86.ActiveCfg = Debug|Any CPU
		{E9343B85-058C-4988-852D-FA6084487EC0}.Debug|x86.Build.0 = Debug|Any CPU
		{E9343B85-058C-4988-852D-FA6084487EC0}.Release|Any CPU.ActiveCfg = Release|Any CPU
		{E9343B85-058C-4988-852D-FA6084487EC0}.Release|Any CPU.Build.0 = Release|Any CPU
		{E9343B85-058C-4988-852D-FA6084487EC0}.Release|x64.ActiveCfg = Release|Any CPU
		{E9343B85-058C-4988-852D-FA6084487EC0}.Release|x64.Build.0 = Release|Any CPU
		{E9343B85-058C-4988-852D-FA6084487EC0}.Release|x86.ActiveCfg = Release|Any CPU
		{E9343B85-058C-4988-852D-FA6084487EC0}.Release|x86.Build.0 = Release|Any CPU
		{4A89F441-6847-4D92-A23D-3B25E18654AA}.Debug|Any CPU.ActiveCfg = Debug|Any CPU
		{4A89F441-6847-4D92-A23D-3B25E18654AA}.Debug|Any CPU.Build.0 = Debug|Any CPU
		{4A89F441-6847-4D92-A23D-3B25E18654AA}.Debug|x64.ActiveCfg = Debug|Any CPU
		{4A89F441-6847-4D92-A23D-3B25E18654AA}.Debug|x64.Build.0 = Debug|Any CPU
		{4A89F441-6847-4D92-A23D-3B25E18654AA}.Debug|x86.ActiveCfg = Debug|Any CPU
		{4A89F441-6847-4D92-A23D-3B25E18654AA}.Debug|x86.Build.0 = Debug|Any CPU
		{4A89F441-6847-4D92-A23D-3B25E18654AA}.Release|Any CPU.ActiveCfg = Release|Any CPU
		{4A89F441-6847-4D92-A23D-3B25E18654AA}.Release|Any CPU.Build.0 = Release|Any CPU
		{4A89F441-6847-4D92-A23D-3B25E18654AA}.Release|x64.ActiveCfg = Release|Any CPU
		{4A89F441-6847-4D92-A23D-3B25E18654AA}.Release|x64.Build.0 = Release|Any CPU
		{4A89F441-6847-4D92-A23D-3B25E18654AA}.Release|x86.ActiveCfg = Release|Any CPU
		{4A89F441-6847-4D92-A23D-3B25E18654AA}.Release|x86.Build.0 = Release|Any CPU
		{C33C9EC8-A745-4E21-833F-EB288631E0CF}.Debug|Any CPU.ActiveCfg = Debug|Any CPU
		{C33C9EC8-A745-4E21-833F-EB288631E0CF}.Debug|Any CPU.Build.0 = Debug|Any CPU
		{C33C9EC8-A745-4E21-833F-EB288631E0CF}.Debug|x64.ActiveCfg = Debug|Any CPU
		{C33C9EC8-A745-4E21-833F-EB288631E0CF}.Debug|x64.Build.0 = Debug|Any CPU
		{C33C9EC8-A745-4E21-833F-EB288631E0CF}.Debug|x86.ActiveCfg = Debug|Any CPU
		{C33C9EC8-A745-4E21-833F-EB288631E0CF}.Debug|x86.Build.0 = Debug|Any CPU
		{C33C9EC8-A745-4E21-833F-EB288631E0CF}.Release|Any CPU.ActiveCfg = Release|Any CPU
		{C33C9EC8-A745-4E21-833F-EB288631E0CF}.Release|Any CPU.Build.0 = Release|Any CPU
		{C33C9EC8-A745-4E21-833F-EB288631E0CF}.Release|x64.ActiveCfg = Release|Any CPU
		{C33C9EC8-A745-4E21-833F-EB288631E0CF}.Release|x64.Build.0 = Release|Any CPU
		{C33C9EC8-A745-4E21-833F-EB288631E0CF}.Release|x86.ActiveCfg = Release|Any CPU
		{C33C9EC8-A745-4E21-833F-EB288631E0CF}.Release|x86.Build.0 = Release|Any CPU
		{3161D2FA-E5F4-46E5-836D-ACEFB217756F}.Debug|Any CPU.ActiveCfg = Debug|Any CPU
		{3161D2FA-E5F4-46E5-836D-ACEFB217756F}.Debug|Any CPU.Build.0 = Debug|Any CPU
		{3161D2FA-E5F4-46E5-836D-ACEFB217756F}.Debug|x64.ActiveCfg = Debug|Any CPU
		{3161D2FA-E5F4-46E5-836D-ACEFB217756F}.Debug|x64.Build.0 = Debug|Any CPU
		{3161D2FA-E5F4-46E5-836D-ACEFB217756F}.Debug|x86.ActiveCfg = Debug|Any CPU
		{3161D2FA-E5F4-46E5-836D-ACEFB217756F}.Debug|x86.Build.0 = Debug|Any CPU
		{3161D2FA-E5F4-46E5-836D-ACEFB217756F}.Release|Any CPU.ActiveCfg = Release|Any CPU
		{3161D2FA-E5F4-46E5-836D-ACEFB217756F}.Release|Any CPU.Build.0 = Release|Any CPU
		{3161D2FA-E5F4-46E5-836D-ACEFB217756F}.Release|x64.ActiveCfg = Release|Any CPU
		{3161D2FA-E5F4-46E5-836D-ACEFB217756F}.Release|x64.Build.0 = Release|Any CPU
		{3161D2FA-E5F4-46E5-836D-ACEFB217756F}.Release|x86.ActiveCfg = Release|Any CPU
		{3161D2FA-E5F4-46E5-836D-ACEFB217756F}.Release|x86.Build.0 = Release|Any CPU
		{07437157-F927-4C5E-926F-7315BA47ED3A}.Debug|Any CPU.ActiveCfg = Debug|Any CPU
		{07437157-F927-4C5E-926F-7315BA47ED3A}.Debug|Any CPU.Build.0 = Debug|Any CPU
		{07437157-F927-4C5E-926F-7315BA47ED3A}.Debug|x64.ActiveCfg = Debug|Any CPU
		{07437157-F927-4C5E-926F-7315BA47ED3A}.Debug|x64.Build.0 = Debug|Any CPU
		{07437157-F927-4C5E-926F-7315BA47ED3A}.Debug|x86.ActiveCfg = Debug|Any CPU
		{07437157-F927-4C5E-926F-7315BA47ED3A}.Debug|x86.Build.0 = Debug|Any CPU
		{07437157-F927-4C5E-926F-7315BA47ED3A}.Release|Any CPU.ActiveCfg = Release|Any CPU
		{07437157-F927-4C5E-926F-7315BA47ED3A}.Release|Any CPU.Build.0 = Release|Any CPU
		{07437157-F927-4C5E-926F-7315BA47ED3A}.Release|x64.ActiveCfg = Release|Any CPU
		{07437157-F927-4C5E-926F-7315BA47ED3A}.Release|x64.Build.0 = Release|Any CPU
		{07437157-F927-4C5E-926F-7315BA47ED3A}.Release|x86.ActiveCfg = Release|Any CPU
		{07437157-F927-4C5E-926F-7315BA47ED3A}.Release|x86.Build.0 = Release|Any CPU
		{3AE44E36-A0C7-43F6-9BFA-F2D23F442AC2}.Debug|Any CPU.ActiveCfg = Debug|Any CPU
		{3AE44E36-A0C7-43F6-9BFA-F2D23F442AC2}.Debug|Any CPU.Build.0 = Debug|Any CPU
		{3AE44E36-A0C7-43F6-9BFA-F2D23F442AC2}.Debug|x64.ActiveCfg = Debug|Any CPU
		{3AE44E36-A0C7-43F6-9BFA-F2D23F442AC2}.Debug|x64.Build.0 = Debug|Any CPU
		{3AE44E36-A0C7-43F6-9BFA-F2D23F442AC2}.Debug|x86.ActiveCfg = Debug|Any CPU
		{3AE44E36-A0C7-43F6-9BFA-F2D23F442AC2}.Debug|x86.Build.0 = Debug|Any CPU
		{3AE44E36-A0C7-43F6-9BFA-F2D23F442AC2}.Release|Any CPU.ActiveCfg = Release|Any CPU
		{3AE44E36-A0C7-43F6-9BFA-F2D23F442AC2}.Release|Any CPU.Build.0 = Release|Any CPU
		{3AE44E36-A0C7-43F6-9BFA-F2D23F442AC2}.Release|x64.ActiveCfg = Release|Any CPU
		{3AE44E36-A0C7-43F6-9BFA-F2D23F442AC2}.Release|x64.Build.0 = Release|Any CPU
		{3AE44E36-A0C7-43F6-9BFA-F2D23F442AC2}.Release|x86.ActiveCfg = Release|Any CPU
		{3AE44E36-A0C7-43F6-9BFA-F2D23F442AC2}.Release|x86.Build.0 = Release|Any CPU
		{82BCD6CC-AA84-442A-89D8-CE6400D4A0D2}.Debug|Any CPU.ActiveCfg = Debug|Any CPU
		{82BCD6CC-AA84-442A-89D8-CE6400D4A0D2}.Debug|Any CPU.Build.0 = Debug|Any CPU
		{82BCD6CC-AA84-442A-89D8-CE6400D4A0D2}.Debug|x64.ActiveCfg = Debug|Any CPU
		{82BCD6CC-AA84-442A-89D8-CE6400D4A0D2}.Debug|x64.Build.0 = Debug|Any CPU
		{82BCD6CC-AA84-442A-89D8-CE6400D4A0D2}.Debug|x86.ActiveCfg = Debug|Any CPU
		{82BCD6CC-AA84-442A-89D8-CE6400D4A0D2}.Debug|x86.Build.0 = Debug|Any CPU
		{82BCD6CC-AA84-442A-89D8-CE6400D4A0D2}.Release|Any CPU.ActiveCfg = Release|Any CPU
		{82BCD6CC-AA84-442A-89D8-CE6400D4A0D2}.Release|Any CPU.Build.0 = Release|Any CPU
		{82BCD6CC-AA84-442A-89D8-CE6400D4A0D2}.Release|x64.ActiveCfg = Release|Any CPU
		{82BCD6CC-AA84-442A-89D8-CE6400D4A0D2}.Release|x64.Build.0 = Release|Any CPU
		{82BCD6CC-AA84-442A-89D8-CE6400D4A0D2}.Release|x86.ActiveCfg = Release|Any CPU
		{82BCD6CC-AA84-442A-89D8-CE6400D4A0D2}.Release|x86.Build.0 = Release|Any CPU
		{EBDE0E04-1094-4FF0-9032-92D8622D11EA}.Debug|Any CPU.ActiveCfg = Debug|Any CPU
		{EBDE0E04-1094-4FF0-9032-92D8622D11EA}.Debug|Any CPU.Build.0 = Debug|Any CPU
		{EBDE0E04-1094-4FF0-9032-92D8622D11EA}.Debug|x64.ActiveCfg = Debug|Any CPU
		{EBDE0E04-1094-4FF0-9032-92D8622D11EA}.Debug|x64.Build.0 = Debug|Any CPU
		{EBDE0E04-1094-4FF0-9032-92D8622D11EA}.Debug|x86.ActiveCfg = Debug|Any CPU
		{EBDE0E04-1094-4FF0-9032-92D8622D11EA}.Debug|x86.Build.0 = Debug|Any CPU
		{EBDE0E04-1094-4FF0-9032-92D8622D11EA}.Release|Any CPU.ActiveCfg = Release|Any CPU
		{EBDE0E04-1094-4FF0-9032-92D8622D11EA}.Release|Any CPU.Build.0 = Release|Any CPU
		{EBDE0E04-1094-4FF0-9032-92D8622D11EA}.Release|x64.ActiveCfg = Release|Any CPU
		{EBDE0E04-1094-4FF0-9032-92D8622D11EA}.Release|x64.Build.0 = Release|Any CPU
		{EBDE0E04-1094-4FF0-9032-92D8622D11EA}.Release|x86.ActiveCfg = Release|Any CPU
		{EBDE0E04-1094-4FF0-9032-92D8622D11EA}.Release|x86.Build.0 = Release|Any CPU
		{59165A45-27E7-43B2-9068-797F6EBF3C47}.Debug|Any CPU.ActiveCfg = Debug|Any CPU
		{59165A45-27E7-43B2-9068-797F6EBF3C47}.Debug|Any CPU.Build.0 = Debug|Any CPU
		{59165A45-27E7-43B2-9068-797F6EBF3C47}.Debug|x64.ActiveCfg = Debug|Any CPU
		{59165A45-27E7-43B2-9068-797F6EBF3C47}.Debug|x64.Build.0 = Debug|Any CPU
		{59165A45-27E7-43B2-9068-797F6EBF3C47}.Debug|x86.ActiveCfg = Debug|Any CPU
		{59165A45-27E7-43B2-9068-797F6EBF3C47}.Debug|x86.Build.0 = Debug|Any CPU
		{59165A45-27E7-43B2-9068-797F6EBF3C47}.Release|Any CPU.ActiveCfg = Release|Any CPU
		{59165A45-27E7-43B2-9068-797F6EBF3C47}.Release|Any CPU.Build.0 = Release|Any CPU
		{59165A45-27E7-43B2-9068-797F6EBF3C47}.Release|x64.ActiveCfg = Release|Any CPU
		{59165A45-27E7-43B2-9068-797F6EBF3C47}.Release|x64.Build.0 = Release|Any CPU
		{59165A45-27E7-43B2-9068-797F6EBF3C47}.Release|x86.ActiveCfg = Release|Any CPU
		{59165A45-27E7-43B2-9068-797F6EBF3C47}.Release|x86.Build.0 = Release|Any CPU
		{7EBA7214-D0C3-4CE3-9B15-F3C74E5D6ACF}.Debug|Any CPU.ActiveCfg = Debug|Any CPU
		{7EBA7214-D0C3-4CE3-9B15-F3C74E5D6ACF}.Debug|Any CPU.Build.0 = Debug|Any CPU
		{7EBA7214-D0C3-4CE3-9B15-F3C74E5D6ACF}.Debug|x64.ActiveCfg = Debug|Any CPU
		{7EBA7214-D0C3-4CE3-9B15-F3C74E5D6ACF}.Debug|x64.Build.0 = Debug|Any CPU
		{7EBA7214-D0C3-4CE3-9B15-F3C74E5D6ACF}.Debug|x86.ActiveCfg = Debug|Any CPU
		{7EBA7214-D0C3-4CE3-9B15-F3C74E5D6ACF}.Debug|x86.Build.0 = Debug|Any CPU
		{7EBA7214-D0C3-4CE3-9B15-F3C74E5D6ACF}.Release|Any CPU.ActiveCfg = Release|Any CPU
		{7EBA7214-D0C3-4CE3-9B15-F3C74E5D6ACF}.Release|Any CPU.Build.0 = Release|Any CPU
		{7EBA7214-D0C3-4CE3-9B15-F3C74E5D6ACF}.Release|x64.ActiveCfg = Release|Any CPU
		{7EBA7214-D0C3-4CE3-9B15-F3C74E5D6ACF}.Release|x64.Build.0 = Release|Any CPU
		{7EBA7214-D0C3-4CE3-9B15-F3C74E5D6ACF}.Release|x86.ActiveCfg = Release|Any CPU
		{7EBA7214-D0C3-4CE3-9B15-F3C74E5D6ACF}.Release|x86.Build.0 = Release|Any CPU
	EndGlobalSection
	GlobalSection(NestedProjects) = preSolution
		{A4426F69-F629-4C95-A013-E0220CBEF1F8} = {1BDD6D5D-0AC5-468C-8377-16694CF1261B}
		{EF221EC0-6941-4288-9E07-E9B6B3F7E861} = {1BDD6D5D-0AC5-468C-8377-16694CF1261B}
		{E9343B85-058C-4988-852D-FA6084487EC0} = {1BDD6D5D-0AC5-468C-8377-16694CF1261B}
		{4A89F441-6847-4D92-A23D-3B25E18654AA} = {1BDD6D5D-0AC5-468C-8377-16694CF1261B}
		{C33C9EC8-A745-4E21-833F-EB288631E0CF} = {1BDD6D5D-0AC5-468C-8377-16694CF1261B}
		{3161D2FA-E5F4-46E5-836D-ACEFB217756F} = {1BDD6D5D-0AC5-468C-8377-16694CF1261B}
		{07437157-F927-4C5E-926F-7315BA47ED3A} = {1BDD6D5D-0AC5-468C-8377-16694CF1261B}
		{3AE44E36-A0C7-43F6-9BFA-F2D23F442AC2} = {1BDD6D5D-0AC5-468C-8377-16694CF1261B}
		{82BCD6CC-AA84-442A-89D8-CE6400D4A0D2} = {1BDD6D5D-0AC5-468C-8377-16694CF1261B}
		{EBDE0E04-1094-4FF0-9032-92D8622D11EA} = {1BDD6D5D-0AC5-468C-8377-16694CF1261B}
		{59165A45-27E7-43B2-9068-797F6EBF3C47} = {1BDD6D5D-0AC5-468C-8377-16694CF1261B}
		{7EBA7214-D0C3-4CE3-9B15-F3C74E5D6ACF} = {1BDD6D5D-0AC5-468C-8377-16694CF1261B}
	EndGlobalSection
EndGlobal
