
Microsoft Visual Studio Solution File, Format Version 12.00
# Visual Studio 15
VisualStudioVersion = 15.0.27130.0
MinimumVisualStudioVersion = 10.0.40219.1
Project("{9A19103F-16F7-4668-BE54-9A1E7A4F7556}") = "Day1", "Day1\Day1.csproj", "{8CD40D6E-3874-4B4C-AF4F-D62B196579D8}"
EndProject
Project("{9A19103F-16F7-4668-BE54-9A1E7A4F7556}") = "Day2", "Day2\Day2.csproj", "{E3D22DBF-D6B4-4983-B12D-F852C3E5A83A}"
EndProject
Project("{9A19103F-16F7-4668-BE54-9A1E7A4F7556}") = "Day4", "Day4\Day4.csproj", "{7FB2E75C-B1D4-42CB-A33F-09583799E1D6}"
EndProject
Project("{9A19103F-16F7-4668-BE54-9A1E7A4F7556}") = "Day3", "Day3\Day3.csproj", "{E9D62630-E51E-4EE6-9600-F28A357C43D4}"
EndProject
Project("{9A19103F-16F7-4668-BE54-9A1E7A4F7556}") = "Day5", "Day5\Day5.csproj", "{A4E12710-F09D-4C37-9D8E-CCFFD9C208C8}"
EndProject
Project("{9A19103F-16F7-4668-BE54-9A1E7A4F7556}") = "Day6", "Day6\Day6.csproj", "{1CCDFDDF-2EBC-48D0-ABDB-4979BA0FDAE5}"
EndProject
Project("{9A19103F-16F7-4668-BE54-9A1E7A4F7556}") = "Day7", "Day7\Day7.csproj", "{49E3DFA5-CF99-4C73-9713-F764DBDCE97C}"
EndProject
Project("{9A19103F-16F7-4668-BE54-9A1E7A4F7556}") = "Day8", "Day8\Day8.csproj", "{FD10E0AA-76B5-409B-8357-FF7A4A66C888}"
EndProject
Project("{9A19103F-16F7-4668-BE54-9A1E7A4F7556}") = "Day9", "Day9\Day9.csproj", "{74F671A2-6AA2-4206-95F1-9717FAEB8371}"
EndProject
Project("{9A19103F-16F7-4668-BE54-9A1E7A4F7556}") = "Day10", "Day10\Day10.csproj", "{698F645B-D647-465D-9EB2-739A2724FA61}"
EndProject
Project("{9A19103F-16F7-4668-BE54-9A1E7A4F7556}") = "Day11", "Day11\Day11.csproj", "{AA5E7186-4CBB-495D-8546-CDF48C6780C5}"
EndProject
Project("{FAE04EC0-301F-11D3-BF4B-00C04F79EFBC}") = "Day12", "Day12\Day12.csproj", "{67F6A9F9-080C-4383-8029-B849A724F151}"
EndProject
Global
	GlobalSection(SolutionConfigurationPlatforms) = preSolution
		Debug|Any CPU = Debug|Any CPU
		Release|Any CPU = Release|Any CPU
	EndGlobalSection
	GlobalSection(ProjectConfigurationPlatforms) = postSolution
		{8CD40D6E-3874-4B4C-AF4F-D62B196579D8}.Debug|Any CPU.ActiveCfg = Debug|Any CPU
		{8CD40D6E-3874-4B4C-AF4F-D62B196579D8}.Debug|Any CPU.Build.0 = Debug|Any CPU
		{8CD40D6E-3874-4B4C-AF4F-D62B196579D8}.Release|Any CPU.ActiveCfg = Release|Any CPU
		{8CD40D6E-3874-4B4C-AF4F-D62B196579D8}.Release|Any CPU.Build.0 = Release|Any CPU
		{E3D22DBF-D6B4-4983-B12D-F852C3E5A83A}.Debug|Any CPU.ActiveCfg = Debug|Any CPU
		{E3D22DBF-D6B4-4983-B12D-F852C3E5A83A}.Debug|Any CPU.Build.0 = Debug|Any CPU
		{E3D22DBF-D6B4-4983-B12D-F852C3E5A83A}.Release|Any CPU.ActiveCfg = Release|Any CPU
		{E3D22DBF-D6B4-4983-B12D-F852C3E5A83A}.Release|Any CPU.Build.0 = Release|Any CPU
		{7FB2E75C-B1D4-42CB-A33F-09583799E1D6}.Debug|Any CPU.ActiveCfg = Debug|Any CPU
		{7FB2E75C-B1D4-42CB-A33F-09583799E1D6}.Debug|Any CPU.Build.0 = Debug|Any CPU
		{7FB2E75C-B1D4-42CB-A33F-09583799E1D6}.Release|Any CPU.ActiveCfg = Release|Any CPU
		{7FB2E75C-B1D4-42CB-A33F-09583799E1D6}.Release|Any CPU.Build.0 = Release|Any CPU
		{E9D62630-E51E-4EE6-9600-F28A357C43D4}.Debug|Any CPU.ActiveCfg = Debug|Any CPU
		{E9D62630-E51E-4EE6-9600-F28A357C43D4}.Debug|Any CPU.Build.0 = Debug|Any CPU
		{E9D62630-E51E-4EE6-9600-F28A357C43D4}.Release|Any CPU.ActiveCfg = Release|Any CPU
		{E9D62630-E51E-4EE6-9600-F28A357C43D4}.Release|Any CPU.Build.0 = Release|Any CPU
		{A4E12710-F09D-4C37-9D8E-CCFFD9C208C8}.Debug|Any CPU.ActiveCfg = Debug|Any CPU
		{A4E12710-F09D-4C37-9D8E-CCFFD9C208C8}.Debug|Any CPU.Build.0 = Debug|Any CPU
		{A4E12710-F09D-4C37-9D8E-CCFFD9C208C8}.Release|Any CPU.ActiveCfg = Release|Any CPU
		{A4E12710-F09D-4C37-9D8E-CCFFD9C208C8}.Release|Any CPU.Build.0 = Release|Any CPU
		{1CCDFDDF-2EBC-48D0-ABDB-4979BA0FDAE5}.Debug|Any CPU.ActiveCfg = Debug|Any CPU
		{1CCDFDDF-2EBC-48D0-ABDB-4979BA0FDAE5}.Debug|Any CPU.Build.0 = Debug|Any CPU
		{1CCDFDDF-2EBC-48D0-ABDB-4979BA0FDAE5}.Release|Any CPU.ActiveCfg = Release|Any CPU
		{1CCDFDDF-2EBC-48D0-ABDB-4979BA0FDAE5}.Release|Any CPU.Build.0 = Release|Any CPU
		{49E3DFA5-CF99-4C73-9713-F764DBDCE97C}.Debug|Any CPU.ActiveCfg = Debug|Any CPU
		{49E3DFA5-CF99-4C73-9713-F764DBDCE97C}.Debug|Any CPU.Build.0 = Debug|Any CPU
		{49E3DFA5-CF99-4C73-9713-F764DBDCE97C}.Release|Any CPU.ActiveCfg = Release|Any CPU
		{49E3DFA5-CF99-4C73-9713-F764DBDCE97C}.Release|Any CPU.Build.0 = Release|Any CPU
		{FD10E0AA-76B5-409B-8357-FF7A4A66C888}.Debug|Any CPU.ActiveCfg = Debug|Any CPU
		{FD10E0AA-76B5-409B-8357-FF7A4A66C888}.Debug|Any CPU.Build.0 = Debug|Any CPU
		{FD10E0AA-76B5-409B-8357-FF7A4A66C888}.Release|Any CPU.ActiveCfg = Release|Any CPU
		{FD10E0AA-76B5-409B-8357-FF7A4A66C888}.Release|Any CPU.Build.0 = Release|Any CPU
		{74F671A2-6AA2-4206-95F1-9717FAEB8371}.Debug|Any CPU.ActiveCfg = Debug|Any CPU
		{74F671A2-6AA2-4206-95F1-9717FAEB8371}.Debug|Any CPU.Build.0 = Debug|Any CPU
		{74F671A2-6AA2-4206-95F1-9717FAEB8371}.Release|Any CPU.ActiveCfg = Release|Any CPU
		{74F671A2-6AA2-4206-95F1-9717FAEB8371}.Release|Any CPU.Build.0 = Release|Any CPU
		{698F645B-D647-465D-9EB2-739A2724FA61}.Debug|Any CPU.ActiveCfg = Debug|Any CPU
		{698F645B-D647-465D-9EB2-739A2724FA61}.Debug|Any CPU.Build.0 = Debug|Any CPU
		{698F645B-D647-465D-9EB2-739A2724FA61}.Release|Any CPU.ActiveCfg = Release|Any CPU
		{698F645B-D647-465D-9EB2-739A2724FA61}.Release|Any CPU.Build.0 = Release|Any CPU
		{AA5E7186-4CBB-495D-8546-CDF48C6780C5}.Debug|Any CPU.ActiveCfg = Debug|Any CPU
		{AA5E7186-4CBB-495D-8546-CDF48C6780C5}.Debug|Any CPU.Build.0 = Debug|Any CPU
		{AA5E7186-4CBB-495D-8546-CDF48C6780C5}.Release|Any CPU.ActiveCfg = Release|Any CPU
		{AA5E7186-4CBB-495D-8546-CDF48C6780C5}.Release|Any CPU.Build.0 = Release|Any CPU
		{67F6A9F9-080C-4383-8029-B849A724F151}.Debug|Any CPU.ActiveCfg = Debug|Any CPU
		{67F6A9F9-080C-4383-8029-B849A724F151}.Debug|Any CPU.Build.0 = Debug|Any CPU
		{67F6A9F9-080C-4383-8029-B849A724F151}.Release|Any CPU.ActiveCfg = Release|Any CPU
		{67F6A9F9-080C-4383-8029-B849A724F151}.Release|Any CPU.Build.0 = Release|Any CPU
	EndGlobalSection
	GlobalSection(SolutionProperties) = preSolution
		HideSolutionNode = FALSE
	EndGlobalSection
	GlobalSection(ExtensibilityGlobals) = postSolution
		SolutionGuid = {372E6BBF-80A3-49BE-8DA9-F902E96034EB}
	EndGlobalSection
EndGlobal
